Microsoft Visual Studio Solution File, Format Version 12.00
# Visual Studio 2012
Project("{FAE04EC0-301F-11D3-BF4B-00C04F79EFBC}") = "NScumm Audio Player Godot", "NScumm Audio Player Godot.csproj", "{870288E3-BB67-49F9-ABD3-A8CFCEF26D04}"
EndProject
Global
	GlobalSection(SolutionConfigurationPlatforms) = preSolution
	Debug|Any CPU = Debug|Any CPU
	ExportDebug|Any CPU = ExportDebug|Any CPU
	ExportRelease|Any CPU = ExportRelease|Any CPU
	EndGlobalSection
	GlobalSection(ProjectConfigurationPlatforms) = postSolution
		{870288E3-BB67-49F9-ABD3-A8CFCEF26D04}.Debug|Any CPU.ActiveCfg = Debug|Any CPU
		{870288E3-BB67-49F9-ABD3-A8CFCEF26D04}.Debug|Any CPU.Build.0 = Debug|Any CPU
		{870288E3-BB67-49F9-ABD3-A8CFCEF26D04}.ExportDebug|Any CPU.ActiveCfg = ExportDebug|Any CPU
		{870288E3-BB67-49F9-ABD3-A8CFCEF26D04}.ExportDebug|Any CPU.Build.0 = ExportDebug|Any CPU
		{870288E3-BB67-49F9-ABD3-A8CFCEF26D04}.ExportRelease|Any CPU.ActiveCfg = ExportRelease|Any CPU
		{870288E3-BB67-49F9-ABD3-A8CFCEF26D04}.ExportRelease|Any CPU.Build.0 = ExportRelease|Any CPU
	EndGlobalSection
EndGlobal
