Microsoft Visual Studio Solution File, Format Version 12.00
# Visual Studio Version 16
VisualStudioVersion = 16.0.30804.86
MinimumVisualStudioVersion = 10.0.40219.1
Project("{FAE04EC0-301F-11D3-BF4B-00C04F79EFBC}") = "NScumm Audio Player Godot", "NScumm Audio Player Godot.csproj", "{870288E3-BB67-49F9-ABD3-A8CFCEF26D04}"
EndProject
Project("{9A19103F-16F7-4668-BE54-9A1E7A4F7556}") = "NScumm.Audio", "NScumm.Audio\NScumm.Audio\NScumm.Audio.csproj", "{B4CF46B4-DFA8-425B-B0CB-1636DA05AB41}"
EndProject
Project("{FAE04EC0-301F-11D3-BF4B-00C04F79EFBC}") = "WOLF3DModel", "WOLF3D-Godot\WOLF3DModel\WOLF3DModel.csproj", "{BFC78344-D90C-4243-B8DB-0BBDDAD9DFD1}"
EndProject
Global
	GlobalSection(SolutionConfigurationPlatforms) = preSolution
		Debug|Any CPU = Debug|Any CPU
		ExportDebug|Any CPU = ExportDebug|Any CPU
		ExportRelease|Any CPU = ExportRelease|Any CPU
		Release|Any CPU = Release|Any CPU
	EndGlobalSection
	GlobalSection(ProjectConfigurationPlatforms) = postSolution
		{870288E3-BB67-49F9-ABD3-A8CFCEF26D04}.Debug|Any CPU.ActiveCfg = Debug|Any CPU
		{870288E3-BB67-49F9-ABD3-A8CFCEF26D04}.Debug|Any CPU.Build.0 = Debug|Any CPU
		{870288E3-BB67-49F9-ABD3-A8CFCEF26D04}.ExportDebug|Any CPU.ActiveCfg = ExportDebug|Any CPU
		{870288E3-BB67-49F9-ABD3-A8CFCEF26D04}.ExportDebug|Any CPU.Build.0 = ExportDebug|Any CPU
		{870288E3-BB67-49F9-ABD3-A8CFCEF26D04}.ExportRelease|Any CPU.ActiveCfg = ExportRelease|Any CPU
		{870288E3-BB67-49F9-ABD3-A8CFCEF26D04}.ExportRelease|Any CPU.Build.0 = ExportRelease|Any CPU
		{870288E3-BB67-49F9-ABD3-A8CFCEF26D04}.Release|Any CPU.ActiveCfg = ExportRelease|Any CPU
		{870288E3-BB67-49F9-ABD3-A8CFCEF26D04}.Release|Any CPU.Build.0 = ExportRelease|Any CPU
		{B4CF46B4-DFA8-425B-B0CB-1636DA05AB41}.Debug|Any CPU.ActiveCfg = Debug|Any CPU
		{B4CF46B4-DFA8-425B-B0CB-1636DA05AB41}.Debug|Any CPU.Build.0 = Debug|Any CPU
		{B4CF46B4-DFA8-425B-B0CB-1636DA05AB41}.ExportDebug|Any CPU.ActiveCfg = Debug|Any CPU
		{B4CF46B4-DFA8-425B-B0CB-1636DA05AB41}.ExportDebug|Any CPU.Build.0 = Debug|Any CPU
		{B4CF46B4-DFA8-425B-B0CB-1636DA05AB41}.ExportRelease|Any CPU.ActiveCfg = Release|Any CPU
		{B4CF46B4-DFA8-425B-B0CB-1636DA05AB41}.ExportRelease|Any CPU.Build.0 = Release|Any CPU
		{B4CF46B4-DFA8-425B-B0CB-1636DA05AB41}.Release|Any CPU.ActiveCfg = Release|Any CPU
		{B4CF46B4-DFA8-425B-B0CB-1636DA05AB41}.Release|Any CPU.Build.0 = Release|Any CPU
		{BFC78344-D90C-4243-B8DB-0BBDDAD9DFD1}.Debug|Any CPU.ActiveCfg = Debug|Any CPU
		{BFC78344-D90C-4243-B8DB-0BBDDAD9DFD1}.Debug|Any CPU.Build.0 = Debug|Any CPU
		{BFC78344-D90C-4243-B8DB-0BBDDAD9DFD1}.ExportDebug|Any CPU.ActiveCfg = Debug|Any CPU
		{BFC78344-D90C-4243-B8DB-0BBDDAD9DFD1}.ExportDebug|Any CPU.Build.0 = Debug|Any CPU
		{BFC78344-D90C-4243-B8DB-0BBDDAD9DFD1}.ExportRelease|Any CPU.ActiveCfg = Release|Any CPU
		{BFC78344-D90C-4243-B8DB-0BBDDAD9DFD1}.ExportRelease|Any CPU.Build.0 = Release|Any CPU
		{BFC78344-D90C-4243-B8DB-0BBDDAD9DFD1}.Release|Any CPU.ActiveCfg = Release|Any CPU
		{BFC78344-D90C-4243-B8DB-0BBDDAD9DFD1}.Release|Any CPU.Build.0 = Release|Any CPU
	EndGlobalSection
	GlobalSection(SolutionProperties) = preSolution
		HideSolutionNode = FALSE
	EndGlobalSection
	GlobalSection(ExtensibilityGlobals) = postSolution
		SolutionGuid = {080FE557-91F6-477C-A983-D29058F82EB9}
	EndGlobalSection
EndGlobal
